{
  "version": 4,
  "terraform_version": "1.3.9",
  "serial": 5,
  "lineage": "c8e35ff7-c38f-70cf-ca03-c445d52aa8df",
  "outputs": {
    "aws-output": {
      "value": 4,
      "type": "number"
    }
  },
  "resources": [
    {
      "mode": "managed",
      "type": "local_file",
      "name": "devops",
      "provider": "provider[\"registry.terraform.io/hashicorp/local\"]",
      "instances": [
        {
          "schema_version": 0,
          "attributes": {
            "content": "this is java files",
            "content_base64": null,
            "directory_permission": "0777",
            "file_permission": "0777",
            "filename": "/home/ubuntu/devops_training-/exercise/test-devops.java",
            "id": "74bd6550aff453d95c0369811fc2e05be9683db0",
            "sensitive_content": null,
            "source": null
          },
          "sensitive_attributes": []
        }
      ]
    },
    {
      "mode": "managed",
      "type": "local_file",
      "name": "devops_files",
      "provider": "provider[\"registry.terraform.io/hashicorp/local\"]",
      "instances": [
        {
          "schema_version": 0,
          "attributes": {
            "content": " this is auto generate code",
            "content_base64": null,
            "directory_permission": "0777",
            "file_permission": "0777",
            "filename": "/home/ubuntu/devops_training-/exercise/test-devops.java",
            "id": "755fbb18b6c664a7af4e43f9a0ee1454e21d8e01",
            "sensitive_content": null,
            "source": null
          },
          "sensitive_attributes": []
        }
      ]
    }
  ],
  "check_results": null
}
