{
  "version": 4,
  "terraform_version": "1.3.9",
  "serial": 10,
  "lineage": "3066f4b5-ca80-9ed4-fcf1-d6fff5aa0186",
  "outputs": {},
  "resources": [
    {
      "mode": "managed",
      "type": "docker_image",
      "name": "nginx",
      "provider": "provider[\"registry.terraform.io/kreuzwerker/docker\"]",
      "instances": [
        {
          "schema_version": 0,
          "attributes": {
            "build": [],
            "force_remove": null,
            "id": "sha256:1b84ed9be2d449f4242c521a3961fb417ecf773d2456477691f109aab3c5bb74nginx:1.22.0@sha256:f2dfca5620b64b8e5986c1f3e145735ce6e291a7dc3cf133e0a460dca31aaf1f",
            "image_id": "sha256:1b84ed9be2d449f4242c521a3961fb417ecf773d2456477691f109aab3c5bb74",
            "keep_locally": false,
            "name": "nginx:1.22.0@sha256:f2dfca5620b64b8e5986c1f3e145735ce6e291a7dc3cf133e0a460dca31aaf1f",
            "platform": null,
            "pull_triggers": null,
            "repo_digest": "nginx@sha256:f2dfca5620b64b8e5986c1f3e145735ce6e291a7dc3cf133e0a460dca31aaf1f",
            "triggers": null
          },
          "sensitive_attributes": [],
          "private": "bnVsbA=="
        }
      ]
    }
  ],
  "check_results": null
}
